
Microsoft Visual Studio Solution File, Format Version 12.00
# Visual Studio Version 17
VisualStudioVersion = 17.1.32328.378
MinimumVisualStudioVersion = 10.0.40219.1
Project("{FAE04EC0-301F-11D3-BF4B-00C04F79EFBC}") = "ndpOdev2", "ndpOdev2\ndpOdev2.csproj", "{4A999BE2-E97E-4ECD-B79B-3F2938497AF5}"
EndProject
Global
	GlobalSection(SolutionConfigurationPlatforms) = preSolution
		Debug|Any CPU = Debug|Any CPU
		Release|Any CPU = Release|Any CPU
	EndGlobalSection
	GlobalSection(ProjectConfigurationPlatforms) = postSolution
		{4A999BE2-E97E-4ECD-B79B-3F2938497AF5}.Debug|Any CPU.ActiveCfg = Debug|Any CPU
		{4A999BE2-E97E-4ECD-B79B-3F2938497AF5}.Debug|Any CPU.Build.0 = Debug|Any CPU
		{4A999BE2-E97E-4ECD-B79B-3F2938497AF5}.Release|Any CPU.ActiveCfg = Release|Any CPU
		{4A999BE2-E97E-4ECD-B79B-3F2938497AF5}.Release|Any CPU.Build.0 = Release|Any CPU
	EndGlobalSection
	GlobalSection(SolutionProperties) = preSolution
		HideSolutionNode = FALSE
	EndGlobalSection
	GlobalSection(ExtensibilityGlobals) = postSolution
		SolutionGuid = {DC2FE05D-ADC7-4755-86C4-276212798B43}
	EndGlobalSection
EndGlobal
